// !$*UTF8*$!
{
	archiveVersion = 1;
	classes = {
	};
	objectVersion = 39;
	objects = {
		080E96DDFE201D6D7F000001 = {
			children = (
				C277503D08015EF200343A62,
				C277503E08015EF200343A62,
				C277503F08015EF200343A62,
				C277504008015EF200343A62,
				C277504108015EF200343A62,
				C277504208015EF200343A62,
			);
			isa = PBXGroup;
			name = Classes;
			refType = 4;
			sourceTree = "<group>";
		};
		089C165CFE840E0CC02AAC07 = {
			children = (
				089C165DFE840E0CC02AAC07,
			);
			isa = PBXVariantGroup;
			name = InfoPlist.strings;
			refType = 4;
			sourceTree = "<group>";
		};
		089C165DFE840E0CC02AAC07 = {
			fileEncoding = 10;
			isa = PBXFileReference;
			lastKnownFileType = text.plist.strings;
			name = English;
			path = English.lproj/InfoPlist.strings;
			refType = 4;
			sourceTree = "<group>";
		};
//080
//081
//082
//083
//084
//100
//101
//102
//103
//104
		1058C7A0FEA54F0111CA2CBB = {
			children = (
				1058C7A1FEA54F0111CA2CBB,
			);
			isa = PBXGroup;
			name = "Linked Frameworks";
			refType = 4;
			sourceTree = "<group>";
		};
		1058C7A1FEA54F0111CA2CBB = {
			isa = PBXFileReference;
			lastKnownFileType = wrapper.framework;
			name = Cocoa.framework;
			path = /System/Library/Frameworks/Cocoa.framework;
			refType = 0;
			sourceTree = "<absolute>";
		};
		1058C7A2FEA54F0111CA2CBB = {
			children = (
				29B97325FDCFA39411CA2CEA,
				29B97324FDCFA39411CA2CEA,
			);
			isa = PBXGroup;
			name = "Other Frameworks";
			refType = 4;
			sourceTree = "<group>";
		};
//100
//101
//102
//103
//104
//190
//191
//192
//193
//194
		19C28FACFE9D520D11CA2CBB = {
			children = (
				8D1107320486CEB800E47090,
			);
			isa = PBXGroup;
			name = Products;
			refType = 4;
			sourceTree = "<group>";
		};
//190
//191
//192
//193
//194
//290
//291
//292
//293
//294
		29B97313FDCFA39411CA2CEA = {
			buildSettings = {
			};
			buildStyles = (
				4A9504CCFFE6A4B311CA0CBA,
				4A9504CDFFE6A4B311CA0CBA,
			);
			hasScannedForEncodings = 1;
			isa = PBXProject;
			mainGroup = 29B97314FDCFA39411CA2CEA;
			projectDirPath = "";
			targets = (
				8D1107260486CEB800E47090,
			);
		};
		29B97314FDCFA39411CA2CEA = {
			children = (
				080E96DDFE201D6D7F000001,
				29B97315FDCFA39411CA2CEA,
				29B97317FDCFA39411CA2CEA,
				C277501708015E1900343A62,
				29B97323FDCFA39411CA2CEA,
				19C28FACFE9D520D11CA2CBB,
			);
			isa = PBXGroup;
			name = NXMines;
			path = "";
			refType = 4;
			sourceTree = "<group>";
		};
		29B97315FDCFA39411CA2CEA = {
			children = (
				32CA4F630368D1EE00C91783,
				C27750690801601600343A62,
			);
			isa = PBXGroup;
			name = "Other Sources";
			path = "";
			refType = 4;
			sourceTree = "<group>";
		};
		29B97317FDCFA39411CA2CEA = {
			children = (
				C27750760801609A00343A62,
				C277501308015DE500343A62,
				8D1107310486CEB800E47090,
				089C165CFE840E0CC02AAC07,
			);
			isa = PBXGroup;
			name = Resources;
			path = "";
			refType = 4;
			sourceTree = "<group>";
		};
		29B97323FDCFA39411CA2CEA = {
			children = (
				1058C7A0FEA54F0111CA2CBB,
				1058C7A2FEA54F0111CA2CBB,
			);
			isa = PBXGroup;
			name = Frameworks;
			path = "";
			refType = 4;
			sourceTree = "<group>";
		};
		29B97324FDCFA39411CA2CEA = {
			isa = PBXFileReference;
			lastKnownFileType = wrapper.framework;
			name = AppKit.framework;
			path = /System/Library/Frameworks/AppKit.framework;
			refType = 0;
			sourceTree = "<absolute>";
		};
		29B97325FDCFA39411CA2CEA = {
			isa = PBXFileReference;
			lastKnownFileType = wrapper.framework;
			name = Foundation.framework;
			path = /System/Library/Frameworks/Foundation.framework;
			refType = 0;
			sourceTree = "<absolute>";
		};
//290
//291
//292
//293
//294
//320
//321
//322
//323
//324
		32CA4F630368D1EE00C91783 = {
			fileEncoding = 4;
			isa = PBXFileReference;
			lastKnownFileType = sourcecode.c.h;
			path = NXMines_Prefix.pch;
			refType = 4;
			sourceTree = "<group>";
		};
//320
//321
//322
//323
//324
//4A0
//4A1
//4A2
//4A3
//4A4
		4A9504CCFFE6A4B311CA0CBA = {
			buildSettings = {
				COPY_PHASE_STRIP = NO;
				GCC_DYNAMIC_NO_PIC = NO;
				GCC_ENABLE_FIX_AND_CONTINUE = YES;
				GCC_GENERATE_DEBUGGING_SYMBOLS = YES;
				GCC_OPTIMIZATION_LEVEL = 0;
				ZERO_LINK = YES;
			};
			isa = PBXBuildStyle;
			name = Development;
		};
		4A9504CDFFE6A4B311CA0CBA = {
			buildSettings = {
				COPY_PHASE_STRIP = YES;
				GCC_ENABLE_FIX_AND_CONTINUE = NO;
				ZERO_LINK = NO;
			};
			isa = PBXBuildStyle;
			name = Deployment;
		};
//4A0
//4A1
//4A2
//4A3
//4A4
//8D0
//8D1
//8D2
//8D3
//8D4
		8D1107260486CEB800E47090 = {
			buildPhases = (
				8D1107290486CEB800E47090,
				8D11072C0486CEB800E47090,
				8D11072E0486CEB800E47090,
			);
			buildRules = (
			);
			buildSettings = {
				GCC_GENERATE_DEBUGGING_SYMBOLS = NO;
				GCC_PRECOMPILE_PREFIX_HEADER = YES;
				GCC_PREFIX_HEADER = NXMines_Prefix.pch;
				INFOPLIST_FILE = Info.plist;
				INSTALL_PATH = "$(HOME)/Applications";
				PRODUCT_NAME = NXMines;
				WRAPPER_EXTENSION = app;
			};
			dependencies = (
			);
			isa = PBXNativeTarget;
			name = NXMines;
			productInstallPath = "$(HOME)/Applications";
			productName = NXMines;
			productReference = 8D1107320486CEB800E47090;
			productType = "com.apple.product-type.application";
		};
		8D1107290486CEB800E47090 = {
			buildActionMask = 2147483647;
			files = (
				8D11072B0486CEB800E47090,
				C277501508015DE500343A62,
				C277502608015E3500343A62,
				C277502708015E3500343A62,
				C277502808015E3500343A62,
				C277502908015E3500343A62,
				C277502A08015E3500343A62,
				C277502B08015E3500343A62,
				C277502C08015E3500343A62,
				C277502D08015E3500343A62,
				C277502E08015E3500343A62,
				C277502F08015E3500343A62,
				C277503008015E3600343A62,
				C277503108015E3600343A62,
				C277503208015E3600343A62,
				C277503308015E3600343A62,
				C277503808015E4300343A62,
				C277503908015E4400343A62,
				C277503A08015E4400343A62,
				C277503C08015E9D00343A62,
				C277504308015EF200343A62,
				C277504508015EF200343A62,
				C277504708015EF200343A62,
				C27750770801609A00343A62,
			);
			isa = PBXResourcesBuildPhase;
			runOnlyForDeploymentPostprocessing = 0;
		};
		8D11072B0486CEB800E47090 = {
			fileRef = 089C165CFE840E0CC02AAC07;
			isa = PBXBuildFile;
			settings = {
			};
		};
		8D11072C0486CEB800E47090 = {
			buildActionMask = 2147483647;
			files = (
				C277504408015EF200343A62,
				C277504608015EF200343A62,
				C277504808015EF200343A62,
				C277506A0801601600343A62,
			);
			isa = PBXSourcesBuildPhase;
			runOnlyForDeploymentPostprocessing = 0;
		};
		8D11072E0486CEB800E47090 = {
			buildActionMask = 2147483647;
			files = (
				8D11072F0486CEB800E47090,
			);
			isa = PBXFrameworksBuildPhase;
			runOnlyForDeploymentPostprocessing = 0;
		};
		8D11072F0486CEB800E47090 = {
			fileRef = 1058C7A1FEA54F0111CA2CBB;
			isa = PBXBuildFile;
			settings = {
			};
		};
		8D1107310486CEB800E47090 = {
			fileEncoding = 4;
			isa = PBXFileReference;
			lastKnownFileType = text.plist;
			path = Info.plist;
			refType = 4;
			sourceTree = "<group>";
		};
		8D1107320486CEB800E47090 = {
			explicitFileType = wrapper.application;
			includeInIndex = 0;
			isa = PBXFileReference;
			path = NXMines.app;
			refType = 3;
			sourceTree = BUILT_PRODUCTS_DIR;
		};
//8D0
//8D1
//8D2
//8D3
//8D4
//C20
//C21
//C22
//C23
//C24
		C277501308015DE500343A62 = {
			children = (
				C277501408015DE500343A62,
			);
			isa = PBXVariantGroup;
			name = NXMines.nib;
			path = "";
			refType = 4;
			sourceTree = "<group>";
		};
		C277501408015DE500343A62 = {
			isa = PBXFileReference;
			lastKnownFileType = wrapper.nib;
			name = English;
			path = "English.lproj/NXMines-Cocoa.nib";
			refType = 4;
			sourceTree = "<group>";
		};
		C277501508015DE500343A62 = {
			fileRef = C277501308015DE500343A62;
			isa = PBXBuildFile;
			settings = {
			};
		};
		C277501708015E1900343A62 = {
			children = (
				C277503B08015E9D00343A62,
				C277503508015E4300343A62,
				C277503608015E4300343A62,
				C277503708015E4300343A62,
				C277501808015E3500343A62,
				C277501908015E3500343A62,
				C277501A08015E3500343A62,
				C277501B08015E3500343A62,
				C277501C08015E3500343A62,
				C277501D08015E3500343A62,
				C277501E08015E3500343A62,
				C277501F08015E3500343A62,
				C277502008015E3500343A62,
				C277502108015E3500343A62,
				C277502208015E3500343A62,
				C277502308015E3500343A62,
				C277502408015E3500343A62,
				C277502508015E3500343A62,
			);
			isa = PBXGroup;
			name = Images;
			refType = 4;
			sourceTree = "<group>";
		};
		C277501808015E3500343A62 = {
			isa = PBXFileReference;
			lastKnownFileType = image.tiff;
			name = brick.tiff;
			path = /Volumes/Data/Workspace/_oldies_/NXMines/brick.tiff;
			refType = 0;
			sourceTree = "<absolute>";
		};
		C277501908015E3500343A62 = {
			isa = PBXFileReference;
			lastKnownFileType = image.tiff;
			name = brickPushedAndNoBomb.tiff;
			path = /Volumes/Data/Workspace/_oldies_/NXMines/brickPushedAndNoBomb.tiff;
			refType = 0;
			sourceTree = "<absolute>";
		};
		C277501A08015E3500343A62 = {
			isa = PBXFileReference;
			lastKnownFileType = image.tiff;
			name = brickPushedAndFalseBomb.tiff;
			path = /Volumes/Data/Workspace/_oldies_/NXMines/brickPushedAndFalseBomb.tiff;
			refType = 0;
			sourceTree = "<absolute>";
		};
		C277501B08015E3500343A62 = {
			isa = PBXFileReference;
			lastKnownFileType = image.tiff;
			name = brickPushedAndBomb.tiff;
			path = /Volumes/Data/Workspace/_oldies_/NXMines/brickPushedAndBomb.tiff;
			refType = 0;
			sourceTree = "<absolute>";
		};
		C277501C08015E3500343A62 = {
			isa = PBXFileReference;
			lastKnownFileType = image.tiff;
			name = brickPushed.tiff;
			path = /Volumes/Data/Workspace/_oldies_/NXMines/brickPushed.tiff;
			refType = 0;
			sourceTree = "<absolute>";
		};
		C277501D08015E3500343A62 = {
			isa = PBXFileReference;
			lastKnownFileType = image.tiff;
			name = brickAndFlag.tiff;
			path = /Volumes/Data/Workspace/_oldies_/NXMines/brickAndFlag.tiff;
			refType = 0;
			sourceTree = "<absolute>";
		};
		C277501E08015E3500343A62 = {
			isa = PBXFileReference;
			lastKnownFileType = image.tiff;
			name = brick8.tiff;
			path = /Volumes/Data/Workspace/_oldies_/NXMines/brick8.tiff;
			refType = 0;
			sourceTree = "<absolute>";
		};
		C277501F08015E3500343A62 = {
			isa = PBXFileReference;
			lastKnownFileType = image.tiff;
			name = brick7.tiff;
			path = /Volumes/Data/Workspace/_oldies_/NXMines/brick7.tiff;
			refType = 0;
			sourceTree = "<absolute>";
		};
		C277502008015E3500343A62 = {
			isa = PBXFileReference;
			lastKnownFileType = image.tiff;
			name = brick6.tiff;
			path = /Volumes/Data/Workspace/_oldies_/NXMines/brick6.tiff;
			refType = 0;
			sourceTree = "<absolute>";
		};
		C277502108015E3500343A62 = {
			isa = PBXFileReference;
			lastKnownFileType = image.tiff;
			name = brick5.tiff;
			path = /Volumes/Data/Workspace/_oldies_/NXMines/brick5.tiff;
			refType = 0;
			sourceTree = "<absolute>";
		};
		C277502208015E3500343A62 = {
			isa = PBXFileReference;
			lastKnownFileType = image.tiff;
			name = brick4.tiff;
			path = /Volumes/Data/Workspace/_oldies_/NXMines/brick4.tiff;
			refType = 0;
			sourceTree = "<absolute>";
		};
		C277502308015E3500343A62 = {
			isa = PBXFileReference;
			lastKnownFileType = image.tiff;
			name = brick3.tiff;
			path = /Volumes/Data/Workspace/_oldies_/NXMines/brick3.tiff;
			refType = 0;
			sourceTree = "<absolute>";
		};
		C277502408015E3500343A62 = {
			isa = PBXFileReference;
			lastKnownFileType = image.tiff;
			name = brick2.tiff;
			path = /Volumes/Data/Workspace/_oldies_/NXMines/brick2.tiff;
			refType = 0;
			sourceTree = "<absolute>";
		};
		C277502508015E3500343A62 = {
			isa = PBXFileReference;
			lastKnownFileType = image.tiff;
			name = brick1.tiff;
			path = /Volumes/Data/Workspace/_oldies_/NXMines/brick1.tiff;
			refType = 0;
			sourceTree = "<absolute>";
		};
		C277502608015E3500343A62 = {
			fileRef = C277501808015E3500343A62;
			isa = PBXBuildFile;
			settings = {
			};
		};
		C277502708015E3500343A62 = {
			fileRef = C277501908015E3500343A62;
			isa = PBXBuildFile;
			settings = {
			};
		};
		C277502808015E3500343A62 = {
			fileRef = C277501A08015E3500343A62;
			isa = PBXBuildFile;
			settings = {
			};
		};
		C277502908015E3500343A62 = {
			fileRef = C277501B08015E3500343A62;
			isa = PBXBuildFile;
			settings = {
			};
		};
		C277502A08015E3500343A62 = {
			fileRef = C277501C08015E3500343A62;
			isa = PBXBuildFile;
			settings = {
			};
		};
		C277502B08015E3500343A62 = {
			fileRef = C277501D08015E3500343A62;
			isa = PBXBuildFile;
			settings = {
			};
		};
		C277502C08015E3500343A62 = {
			fileRef = C277501E08015E3500343A62;
			isa = PBXBuildFile;
			settings = {
			};
		};
		C277502D08015E3500343A62 = {
			fileRef = C277501F08015E3500343A62;
			isa = PBXBuildFile;
			settings = {
			};
		};
		C277502E08015E3500343A62 = {
			fileRef = C277502008015E3500343A62;
			isa = PBXBuildFile;
			settings = {
			};
		};
		C277502F08015E3500343A62 = {
			fileRef = C277502108015E3500343A62;
			isa = PBXBuildFile;
			settings = {
			};
		};
		C277503008015E3600343A62 = {
			fileRef = C277502208015E3500343A62;
			isa = PBXBuildFile;
			settings = {
			};
		};
		C277503108015E3600343A62 = {
			fileRef = C277502308015E3500343A62;
			isa = PBXBuildFile;
			settings = {
			};
		};
		C277503208015E3600343A62 = {
			fileRef = C277502408015E3500343A62;
			isa = PBXBuildFile;
			settings = {
			};
		};
		C277503308015E3600343A62 = {
			fileRef = C277502508015E3500343A62;
			isa = PBXBuildFile;
			settings = {
			};
		};
		C277503508015E4300343A62 = {
			isa = PBXFileReference;
			lastKnownFileType = image.tiff;
			name = NXMines5.tiff;
			path = /Volumes/Data/Workspace/_oldies_/NXMines/NXMines5.tiff;
			refType = 0;
			sourceTree = "<absolute>";
		};
		C277503608015E4300343A62 = {
			isa = PBXFileReference;
			lastKnownFileType = image.tiff;
			name = NXMines.tiff;
			path = /Volumes/Data/Workspace/_oldies_/NXMines/NXMines.tiff;
			refType = 0;
			sourceTree = "<absolute>";
		};
		C277503708015E4300343A62 = {
			isa = PBXFileReference;
			lastKnownFileType = image.tiff;
			name = HighScores.tiff;
			path = /Volumes/Data/Workspace/_oldies_/NXMines/HighScores.tiff;
			refType = 0;
			sourceTree = "<absolute>";
		};
		C277503808015E4300343A62 = {
			fileRef = C277503508015E4300343A62;
			isa = PBXBuildFile;
			settings = {
			};
		};
		C277503908015E4400343A62 = {
			fileRef = C277503608015E4300343A62;
			isa = PBXBuildFile;
			settings = {
			};
		};
		C277503A08015E4400343A62 = {
			fileRef = C277503708015E4300343A62;
			isa = PBXBuildFile;
			settings = {
			};
		};
		C277503B08015E9D00343A62 = {
			isa = PBXFileReference;
			lastKnownFileType = image.tiff;
			name = smilee.tiff;
			path = /Volumes/Data/Workspace/_oldies_/NXMines/smilee.tiff;
			refType = 0;
			sourceTree = "<absolute>";
		};
		C277503C08015E9D00343A62 = {
			fileRef = C277503B08015E9D00343A62;
			isa = PBXBuildFile;
			settings = {
			};
		};
		C277503D08015EF200343A62 = {
			fileEncoding = 2;
			isa = PBXFileReference;
			lastKnownFileType = sourcecode.c.h;
			path = MineButton.h;
			refType = 4;
			sourceTree = "<group>";
		};
		C277503E08015EF200343A62 = {
			fileEncoding = 2;
			isa = PBXFileReference;
			lastKnownFileType = sourcecode.c.objc;
			path = MineButton.m;
			refType = 4;
			sourceTree = "<group>";
		};
		C277503F08015EF200343A62 = {
			fileEncoding = 2;
			isa = PBXFileReference;
			lastKnownFileType = sourcecode.c.h;
			path = MyApp.h;
			refType = 4;
			sourceTree = "<group>";
		};
		C277504008015EF200343A62 = {
			fileEncoding = 2;
			isa = PBXFileReference;
			lastKnownFileType = sourcecode.c.objc;
			path = MyApp.m;
			refType = 4;
			sourceTree = "<group>";
		};
		C277504108015EF200343A62 = {
			fileEncoding = 2;
			isa = PBXFileReference;
			lastKnownFileType = sourcecode.c.h;
			path = NXMineView.h;
			refType = 4;
			sourceTree = "<group>";
		};
		C277504208015EF200343A62 = {
			fileEncoding = 2;
			isa = PBXFileReference;
			lastKnownFileType = sourcecode.c.objc;
			path = NXMineView.m;
			refType = 4;
			sourceTree = "<group>";
		};
		C277504308015EF200343A62 = {
			fileRef = C277503D08015EF200343A62;
			isa = PBXBuildFile;
			settings = {
			};
		};
		C277504408015EF200343A62 = {
			fileRef = C277503E08015EF200343A62;
			isa = PBXBuildFile;
			settings = {
			};
		};
		C277504508015EF200343A62 = {
			fileRef = C277503F08015EF200343A62;
			isa = PBXBuildFile;
			settings = {
			};
		};
		C277504608015EF200343A62 = {
			fileRef = C277504008015EF200343A62;
			isa = PBXBuildFile;
			settings = {
			};
		};
		C277504708015EF200343A62 = {
			fileRef = C277504108015EF200343A62;
			isa = PBXBuildFile;
			settings = {
			};
		};
		C277504808015EF200343A62 = {
			fileRef = C277504208015EF200343A62;
			isa = PBXBuildFile;
			settings = {
			};
		};
		C27750690801601600343A62 = {
			fileEncoding = 2;
			isa = PBXFileReference;
			lastKnownFileType = sourcecode.c.objc;
			path = NXMines_main.m;
			refType = 4;
			sourceTree = "<group>";
		};
		C277506A0801601600343A62 = {
			fileRef = C27750690801601600343A62;
			isa = PBXBuildFile;
			settings = {
			};
		};
		C27750760801609A00343A62 = {
			isa = PBXFileReference;
			lastKnownFileType = image.icns;
			path = NXMines.icns;
			refType = 4;
			sourceTree = "<group>";
		};
		C27750770801609A00343A62 = {
			fileRef = C27750760801609A00343A62;
			isa = PBXBuildFile;
			settings = {
			};
		};
	};
	rootObject = 29B97313FDCFA39411CA2CEA;
}
